
Microsoft Visual Studio Solution File, Format Version 12.00
# Visual Studio Version 16
VisualStudioVersion = 16.0.30114.105
MinimumVisualStudioVersion = 10.0.40219.1
Project("{2150E333-8FDC-42A3-9474-1A3956D46DE8}") = "src", "src", "{FA40B0C1-5F17-4A65-8AE4-0F246F6B1361}"
EndProject
Project("{FAE04EC0-301F-11D3-BF4B-00C04F79EFBC}") = "Generator", "src\Generator\Generator.csproj", "{3B8A91C9-862D-40F0-8B11-31A7DC7FB042}"
EndProject
Project("{FAE04EC0-301F-11D3-BF4B-00C04F79EFBC}") = "Sort", "src\Sort\Sort.csproj", "{54993D88-CEDB-4B92-AA4E-B52BE8147020}"
EndProject
Global
	GlobalSection(SolutionConfigurationPlatforms) = preSolution
		Debug|Any CPU = Debug|Any CPU
		Debug|x64 = Debug|x64
		Debug|x86 = Debug|x86
		Release|Any CPU = Release|Any CPU
		Release|x64 = Release|x64
		Release|x86 = Release|x86
	EndGlobalSection
	GlobalSection(SolutionProperties) = preSolution
		HideSolutionNode = FALSE
	EndGlobalSection
	GlobalSection(ProjectConfigurationPlatforms) = postSolution
		{3B8A91C9-862D-40F0-8B11-31A7DC7FB042}.Debug|Any CPU.ActiveCfg = Debug|Any CPU
		{3B8A91C9-862D-40F0-8B11-31A7DC7FB042}.Debug|Any CPU.Build.0 = Debug|Any CPU
		{3B8A91C9-862D-40F0-8B11-31A7DC7FB042}.Debug|x64.ActiveCfg = Debug|Any CPU
		{3B8A91C9-862D-40F0-8B11-31A7DC7FB042}.Debug|x64.Build.0 = Debug|Any CPU
		{3B8A91C9-862D-40F0-8B11-31A7DC7FB042}.Debug|x86.ActiveCfg = Debug|Any CPU
		{3B8A91C9-862D-40F0-8B11-31A7DC7FB042}.Debug|x86.Build.0 = Debug|Any CPU
		{3B8A91C9-862D-40F0-8B11-31A7DC7FB042}.Release|Any CPU.ActiveCfg = Release|Any CPU
		{3B8A91C9-862D-40F0-8B11-31A7DC7FB042}.Release|Any CPU.Build.0 = Release|Any CPU
		{3B8A91C9-862D-40F0-8B11-31A7DC7FB042}.Release|x64.ActiveCfg = Release|Any CPU
		{3B8A91C9-862D-40F0-8B11-31A7DC7FB042}.Release|x64.Build.0 = Release|Any CPU
		{3B8A91C9-862D-40F0-8B11-31A7DC7FB042}.Release|x86.ActiveCfg = Release|Any CPU
		{3B8A91C9-862D-40F0-8B11-31A7DC7FB042}.Release|x86.Build.0 = Release|Any CPU
		{54993D88-CEDB-4B92-AA4E-B52BE8147020}.Debug|Any CPU.ActiveCfg = Debug|Any CPU
		{54993D88-CEDB-4B92-AA4E-B52BE8147020}.Debug|Any CPU.Build.0 = Debug|Any CPU
		{54993D88-CEDB-4B92-AA4E-B52BE8147020}.Debug|x64.ActiveCfg = Debug|Any CPU
		{54993D88-CEDB-4B92-AA4E-B52BE8147020}.Debug|x64.Build.0 = Debug|Any CPU
		{54993D88-CEDB-4B92-AA4E-B52BE8147020}.Debug|x86.ActiveCfg = Debug|Any CPU
		{54993D88-CEDB-4B92-AA4E-B52BE8147020}.Debug|x86.Build.0 = Debug|Any CPU
		{54993D88-CEDB-4B92-AA4E-B52BE8147020}.Release|Any CPU.ActiveCfg = Release|Any CPU
		{54993D88-CEDB-4B92-AA4E-B52BE8147020}.Release|Any CPU.Build.0 = Release|Any CPU
		{54993D88-CEDB-4B92-AA4E-B52BE8147020}.Release|x64.ActiveCfg = Release|Any CPU
		{54993D88-CEDB-4B92-AA4E-B52BE8147020}.Release|x64.Build.0 = Release|Any CPU
		{54993D88-CEDB-4B92-AA4E-B52BE8147020}.Release|x86.ActiveCfg = Release|Any CPU
		{54993D88-CEDB-4B92-AA4E-B52BE8147020}.Release|x86.Build.0 = Release|Any CPU
	EndGlobalSection
	GlobalSection(NestedProjects) = preSolution
		{3B8A91C9-862D-40F0-8B11-31A7DC7FB042} = {FA40B0C1-5F17-4A65-8AE4-0F246F6B1361}
		{54993D88-CEDB-4B92-AA4E-B52BE8147020} = {FA40B0C1-5F17-4A65-8AE4-0F246F6B1361}
	EndGlobalSection
EndGlobal
